{
    "requires": true,
    "lockfileVersion": 1,
    "dependencies": {
        "@polymer/iron-a11y-announcer": {
            "version": "3.0.2",
            "resolved": "https://registry.npmjs.org/@polymer/iron-a11y-announcer/-/iron-a11y-announcer-3.0.2.tgz",
            "integrity": "sha512-LqnMF39mXyxSSRbTHRzGbcJS8nU0NVTo2raBOgOlpxw5yfGJUVcwaTJ/qy5NtWCZLRfa4suycf0oAkuUjHTXHQ==",
            "requires": {
                "@polymer/polymer": "^3.0.0"
            }
        },
        "@polymer/iron-a11y-keys-behavior": {
            "version": "3.0.1",
            "resolved": "https://registry.npmjs.org/@polymer/iron-a11y-keys-behavior/-/iron-a11y-keys-behavior-3.0.1.tgz",
            "integrity": "sha512-lnrjKq3ysbBPT/74l0Fj0U9H9C35Tpw2C/tpJ8a+5g8Y3YJs1WSZYnEl1yOkw6sEyaxOq/1DkzH0+60gGu5/PQ==",
            "requires": {
                "@polymer/polymer": "^3.0.0"
            }
        },
        "@polymer/iron-fit-behavior": {
            "version": "3.0.2",
            "resolved": "https://registry.npmjs.org/@polymer/iron-fit-behavior/-/iron-fit-behavior-3.0.2.tgz",
            "integrity": "sha512-JndryJYbBR3gSN5IlST4rCHsd01+OyvYpRO6z5Zd3C6u5V/m07TwAtcf3aXwZ8WBNt2eLG28OcvdSO7XR2v2pg==",
            "requires": {
                "@polymer/polymer": "^3.0.0"
            }
        },
        "@polymer/iron-flex-layout": {
            "version": "3.0.1",
            "resolved": "https://registry.npmjs.org/@polymer/iron-flex-layout/-/iron-flex-layout-3.0.1.tgz",
            "integrity": "sha512-7gB869czArF+HZcPTVSgvA7tXYFze9EKckvM95NB7SqYF+NnsQyhoXgKnpFwGyo95lUjUW9TFDLUwDXnCYFtkw==",
            "requires": {
                "@polymer/polymer": "^3.0.0"
            }
        },
        "@polymer/iron-icon": {
            "version": "3.0.1",
            "resolved": "https://registry.npmjs.org/@polymer/iron-icon/-/iron-icon-3.0.1.tgz",
            "integrity": "sha512-QLPwirk+UPZNaLnMew9VludXA4CWUCenRewgEcGYwdzVgDPCDbXxy6vRJjmweZobMQv/oVLppT2JZtJFnPxX6g==",
            "requires": {
                "@polymer/iron-flex-layout": "^3.0.0-pre.26",
                "@polymer/iron-meta": "^3.0.0-pre.26",
                "@polymer/polymer": "^3.0.0"
            }
        },
        "@polymer/iron-iconset-svg": {
            "version": "3.0.1",
            "resolved": "https://registry.npmjs.org/@polymer/iron-iconset-svg/-/iron-iconset-svg-3.0.1.tgz",
            "integrity": "sha512-XNwURbNHRw6u2fJe05O5fMYye6GSgDlDqCO+q6K1zAnKIrpgZwf2vTkBd5uCcZwsN0FyCB3mvNZx4jkh85dRDw==",
            "requires": {
                "@polymer/iron-meta": "^3.0.0-pre.26",
                "@polymer/polymer": "^3.0.0"
            }
        },
        "@polymer/iron-list": {
            "version": "3.1.0",
            "resolved": "https://registry.npmjs.org/@polymer/iron-list/-/iron-list-3.1.0.tgz",
            "integrity": "sha512-Eiv6xd3h3oPmn8SXFntXVfC3ZnegH+KHAxiKLKcOASFSRY3mHnr2AdcnExUJ9ItoCMA5UzKaM/0U22eWzGERtA==",
            "requires": {
                "@polymer/iron-a11y-keys-behavior": "^3.0.0-pre.26",
                "@polymer/iron-resizable-behavior": "^3.0.0-pre.26",
                "@polymer/iron-scroll-target-behavior": "^3.0.0-pre.26",
                "@polymer/polymer": "^3.0.0"
            }
        },
        "@polymer/iron-media-query": {
            "version": "3.0.1",
            "resolved": "https://registry.npmjs.org/@polymer/iron-media-query/-/iron-media-query-3.0.1.tgz",
            "integrity": "sha512-czUX1pm1zfmfcZtq5J57XFkcobBv08Y50exp0/3v8Bos5VL/jv2tU0RwiTfDBxUMhjicGbgwEBFQPY2V5DMzyw==",
            "requires": {
                "@polymer/polymer": "^3.0.0"
            }
        },
        "@polymer/iron-meta": {
            "version": "3.0.1",
            "resolved": "https://registry.npmjs.org/@polymer/iron-meta/-/iron-meta-3.0.1.tgz",
            "integrity": "sha512-pWguPugiLYmWFV9UWxLWzZ6gm4wBwQdDy4VULKwdHCqR7OP7u98h+XDdGZsSlDPv6qoryV/e3tGHlTIT0mbzJA==",
            "requires": {
                "@polymer/polymer": "^3.0.0"
            }
        },
        "@polymer/iron-overlay-behavior": {
            "version": "3.0.3",
            "resolved": "https://registry.npmjs.org/@polymer/iron-overlay-behavior/-/iron-overlay-behavior-3.0.3.tgz",
            "integrity": "sha512-Q/Fp0+uOQQ145ebZ7T8Cxl4m1tUKYjyymkjcL2rXUm+aDQGb1wA1M1LYxUF5YBqd+9lipE0PTIiYwA2ZL/sznA==",
            "requires": {
                "@polymer/iron-a11y-keys-behavior": "^3.0.0-pre.26",
                "@polymer/iron-fit-behavior": "^3.0.0-pre.26",
                "@polymer/iron-resizable-behavior": "^3.0.0-pre.26",
                "@polymer/polymer": "^3.0.0"
            }
        },
        "@polymer/iron-resizable-behavior": {
            "version": "3.0.1",
            "resolved": "https://registry.npmjs.org/@polymer/iron-resizable-behavior/-/iron-resizable-behavior-3.0.1.tgz",
            "integrity": "sha512-FyHxRxFspVoRaeZSWpT3y0C9awomb4tXXolIJcZ7RvXhMP632V5lez+ch5G5SwK0LpnAPkg35eB0LPMFv+YMMQ==",
            "requires": {
                "@polymer/polymer": "^3.0.0"
            }
        },
        "@polymer/iron-scroll-target-behavior": {
            "version": "3.0.1",
            "resolved": "https://registry.npmjs.org/@polymer/iron-scroll-target-behavior/-/iron-scroll-target-behavior-3.0.1.tgz",
            "integrity": "sha512-xg1WanG25BIkQE8rhuReqY9zx1K5M7F+YAIYpswEp5eyDIaZ1Y3vUmVeQ3KG+hiSugzI1M752azXN7kvyhOBcQ==",
            "requires": {
                "@polymer/polymer": "^3.0.0"
            }
        },
        "@polymer/polymer": {
            "version": "3.4.1",
            "resolved": "https://registry.npmjs.org/@polymer/polymer/-/polymer-3.4.1.tgz",
            "integrity": "sha512-KPWnhDZibtqKrUz7enIPOiO4ZQoJNOuLwqrhV2MXzIt3VVnUVJVG5ORz4Z2sgO+UZ+/UZnPD0jqY+jmw/+a9mQ==",
            "requires": {
                "@webcomponents/shadycss": "^1.9.1"
            }
        },
        "@webcomponents/shadycss": {
            "version": "1.9.6",
            "resolved": "https://registry.npmjs.org/@webcomponents/shadycss/-/shadycss-1.9.6.tgz",
            "integrity": "sha512-5fFjvP0jQJZoXK6YzYeYcIDGJ5oEsdjr1L9VaYLw5yxNd4aRz4srMpwCwldeNG0A6Hvr9igbG7fCsBeiiCXd7A=="
        }
    }
}
